lockfileVersion: '9.0'

settings:
  autoInstallPeers: true
  excludeLinksFromLockfile: false

importers:

  .:
    dependencies:
      dotenv:
        specifier: 16.5.0
        version: 16.5.0
      pyodide:
        specifier: 0.27.7
        version: 0.27.7
      undici:
        specifier: 7.10.0
        version: 7.10.0

packages:

  dotenv@16.5.0:
    resolution: {integrity: sha512-m/C+AwOAr9/W1UOIZUo232ejMNnJAJtYQjUbHoNTBNTJSvqzzDh7vnrei3o3r3m9blf6ZoDkvcw0VmozNRFJxg==}
    engines: {node: '>=12'}

  pyodide@0.27.7:
    resolution: {integrity: sha512-RUSVJlhQdfWfgO9hVHCiXoG+nVZQRS5D9FzgpLJ/VcgGBLSAKoPL8kTiOikxbHQm1kRISeWUBdulEgO26qpSRA==}
    engines: {node: '>=18.0.0'}

  undici@7.10.0:
    resolution: {integrity: sha512-u5otvFBOBZvmdjWLVW+5DAc9Nkq8f24g0O9oY7qw2JVIF1VocIFoyz9JFkuVOS2j41AufeO0xnlweJ2RLT8nGw==}
    engines: {node: '>=20.18.1'}

  ws@8.18.2:
    resolution: {integrity: sha512-DMricUmwGZUVr++AEAe2uiVM7UoO9MAVZMDu05UQOaUII0lp+zOzLLU4Xqh/JvTqklB1T4uELaaPBKyjE1r4fQ==}
    engines: {node: '>=10.0.0'}
    peerDependencies:
      bufferutil: ^4.0.1
      utf-8-validate: '>=5.0.2'
    peerDependenciesMeta:
      bufferutil:
        optional: true
      utf-8-validate:
        optional: true

snapshots:

  dotenv@16.5.0: {}

  pyodide@0.27.7:
    dependencies:
      ws: 8.18.2
    transitivePeerDependencies:
      - bufferutil
      - utf-8-validate

  undici@7.10.0: {}

  ws@8.18.2: {}
